
Microsoft Visual Studio Solution File, Format Version 12.00
# Visual Studio 15
VisualStudioVersion = 15.0.27703.2042
MinimumVisualStudioVersion = 10.0.40219.1
Project("{2150E333-8FDC-42A3-9474-1A3956D46DE8}") = "Services", "Services", "{12832DF7-E771-4388-A5A8-11E69E76B8EC}"
EndProject
Project("{2150E333-8FDC-42A3-9474-1A3956D46DE8}") = "src", "src", "{80C91BBD-3C0B-439B-ACF6-39D2845754D2}"
EndProject
Project("{2150E333-8FDC-42A3-9474-1A3956D46DE8}") = "EnergyReading", "EnergyReading", "{365BFB75-1F1A-4C44-ABC6-89E14A25E4A5}"
EndProject
Project("{9A19103F-16F7-4668-BE54-9A1E7A4F7556}") = "EnergyReading.Core", "src\Services\EnergyReading\EnergyReading.Core\EnergyReading.Core.csproj", "{8560FE28-6ED7-45F3-B279-90EAF50A1FF5}"
EndProject
Project("{9A19103F-16F7-4668-BE54-9A1E7A4F7556}") = "EnergyReading.Infrastructure", "src\Services\EnergyReading\EnergyReading.Infrastructure\EnergyReading.Infrastructure.csproj", "{72127284-FB65-4F8A-AC40-63E528F0DFAE}"
EndProject
Project("{9A19103F-16F7-4668-BE54-9A1E7A4F7556}") = "EnergyReading.UnitTests", "src\Services\EnergyReading\EnergyReading.UnitTests\EnergyReading.UnitTests.csproj", "{14D643CC-6A35-4120-82F1-B91B09D3E6F4}"
EndProject
Project("{9A19103F-16F7-4668-BE54-9A1E7A4F7556}") = "EnergyReading.API", "src\Services\EnergyReading\EnergyReading.API\EnergyReading.API.csproj", "{2D38F8A9-6B30-409C-B881-E957C4141E76}"
EndProject
Project("{2150E333-8FDC-42A3-9474-1A3956D46DE8}") = "ConsoleApp", "ConsoleApp", "{C33B5119-054C-4606-BF7D-7365A0FBF8C3}"
EndProject
Project("{9A19103F-16F7-4668-BE54-9A1E7A4F7556}") = "ERMPower.ConsoleUI", "src\ConsoleApp\ERMPower.ConsoleUI\ERMPower.ConsoleUI.csproj", "{FF138D4B-7DB8-40B7-AA2B-4BE032E6AD25}"
EndProject
Global
	GlobalSection(SolutionConfigurationPlatforms) = preSolution
		Debug|Any CPU = Debug|Any CPU
		Release|Any CPU = Release|Any CPU
	EndGlobalSection
	GlobalSection(ProjectConfigurationPlatforms) = postSolution
		{8560FE28-6ED7-45F3-B279-90EAF50A1FF5}.Debug|Any CPU.ActiveCfg = Debug|Any CPU
		{8560FE28-6ED7-45F3-B279-90EAF50A1FF5}.Debug|Any CPU.Build.0 = Debug|Any CPU
		{8560FE28-6ED7-45F3-B279-90EAF50A1FF5}.Release|Any CPU.ActiveCfg = Release|Any CPU
		{8560FE28-6ED7-45F3-B279-90EAF50A1FF5}.Release|Any CPU.Build.0 = Release|Any CPU
		{72127284-FB65-4F8A-AC40-63E528F0DFAE}.Debug|Any CPU.ActiveCfg = Debug|Any CPU
		{72127284-FB65-4F8A-AC40-63E528F0DFAE}.Debug|Any CPU.Build.0 = Debug|Any CPU
		{72127284-FB65-4F8A-AC40-63E528F0DFAE}.Release|Any CPU.ActiveCfg = Release|Any CPU
		{72127284-FB65-4F8A-AC40-63E528F0DFAE}.Release|Any CPU.Build.0 = Release|Any CPU
		{14D643CC-6A35-4120-82F1-B91B09D3E6F4}.Debug|Any CPU.ActiveCfg = Debug|Any CPU
		{14D643CC-6A35-4120-82F1-B91B09D3E6F4}.Debug|Any CPU.Build.0 = Debug|Any CPU
		{14D643CC-6A35-4120-82F1-B91B09D3E6F4}.Release|Any CPU.ActiveCfg = Release|Any CPU
		{14D643CC-6A35-4120-82F1-B91B09D3E6F4}.Release|Any CPU.Build.0 = Release|Any CPU
		{2D38F8A9-6B30-409C-B881-E957C4141E76}.Debug|Any CPU.ActiveCfg = Debug|Any CPU
		{2D38F8A9-6B30-409C-B881-E957C4141E76}.Debug|Any CPU.Build.0 = Debug|Any CPU
		{2D38F8A9-6B30-409C-B881-E957C4141E76}.Release|Any CPU.ActiveCfg = Release|Any CPU
		{2D38F8A9-6B30-409C-B881-E957C4141E76}.Release|Any CPU.Build.0 = Release|Any CPU
		{FF138D4B-7DB8-40B7-AA2B-4BE032E6AD25}.Debug|Any CPU.ActiveCfg = Debug|Any CPU
		{FF138D4B-7DB8-40B7-AA2B-4BE032E6AD25}.Debug|Any CPU.Build.0 = Debug|Any CPU
		{FF138D4B-7DB8-40B7-AA2B-4BE032E6AD25}.Release|Any CPU.ActiveCfg = Release|Any CPU
		{FF138D4B-7DB8-40B7-AA2B-4BE032E6AD25}.Release|Any CPU.Build.0 = Release|Any CPU
	EndGlobalSection
	GlobalSection(SolutionProperties) = preSolution
		HideSolutionNode = FALSE
	EndGlobalSection
	GlobalSection(NestedProjects) = preSolution
		{12832DF7-E771-4388-A5A8-11E69E76B8EC} = {80C91BBD-3C0B-439B-ACF6-39D2845754D2}
		{365BFB75-1F1A-4C44-ABC6-89E14A25E4A5} = {12832DF7-E771-4388-A5A8-11E69E76B8EC}
		{8560FE28-6ED7-45F3-B279-90EAF50A1FF5} = {365BFB75-1F1A-4C44-ABC6-89E14A25E4A5}
		{72127284-FB65-4F8A-AC40-63E528F0DFAE} = {365BFB75-1F1A-4C44-ABC6-89E14A25E4A5}
		{14D643CC-6A35-4120-82F1-B91B09D3E6F4} = {365BFB75-1F1A-4C44-ABC6-89E14A25E4A5}
		{2D38F8A9-6B30-409C-B881-E957C4141E76} = {365BFB75-1F1A-4C44-ABC6-89E14A25E4A5}
		{C33B5119-054C-4606-BF7D-7365A0FBF8C3} = {80C91BBD-3C0B-439B-ACF6-39D2845754D2}
		{FF138D4B-7DB8-40B7-AA2B-4BE032E6AD25} = {C33B5119-054C-4606-BF7D-7365A0FBF8C3}
	EndGlobalSection
	GlobalSection(ExtensibilityGlobals) = postSolution
		SolutionGuid = {D130392F-A73B-4C7A-8845-6E03D56E8BDE}
	EndGlobalSection
EndGlobal
